
Microsoft Visual Studio Solution File, Format Version 12.00
# Visual Studio 15
VisualStudioVersion = 15.0.28010.2048
MinimumVisualStudioVersion = 10.0.40219.1
Project("{FAE04EC0-301F-11D3-BF4B-00C04F79EFBC}") = "BSearch", "BinarySearch\BSearch.csproj", "{A2319992-9D8C-481D-8B44-FC562B92454D}"
EndProject
Global
	GlobalSection(SolutionConfigurationPlatforms) = preSolution
		Debug|Any CPU = Debug|Any CPU
		Release|Any CPU = Release|Any CPU
	EndGlobalSection
	GlobalSection(ProjectConfigurationPlatforms) = postSolution
		{A2319992-9D8C-481D-8B44-FC562B92454D}.Debug|Any CPU.ActiveCfg = Debug|Any CPU
		{A2319992-9D8C-481D-8B44-FC562B92454D}.Debug|Any CPU.Build.0 = Debug|Any CPU
		{A2319992-9D8C-481D-8B44-FC562B92454D}.Release|Any CPU.ActiveCfg = Release|Any CPU
		{A2319992-9D8C-481D-8B44-FC562B92454D}.Release|Any CPU.Build.0 = Release|Any CPU
	EndGlobalSection
	GlobalSection(SolutionProperties) = preSolution
		HideSolutionNode = FALSE
	EndGlobalSection
	GlobalSection(ExtensibilityGlobals) = postSolution
		SolutionGuid = {E767189D-8A04-480B-8F85-971CE3067F9F}
	EndGlobalSection
EndGlobal
